
Microsoft Visual Studio Solution File, Format Version 12.00
# Visual Studio Version 16
VisualStudioVersion = 16.0.32428.217
MinimumVisualStudioVersion = 10.0.40219.1
Project("{FAE04EC0-301F-11D3-BF4B-00C04F79EFBC}") = "Task7", "Task7\Task7.csproj", "{A62709BA-CB6B-4F82-BD5E-23BF196FB3A0}"
EndProject
Global
	GlobalSection(SolutionConfigurationPlatforms) = preSolution
		Debug|Any CPU = Debug|Any CPU
		Release|Any CPU = Release|Any CPU
	EndGlobalSection
	GlobalSection(ProjectConfigurationPlatforms) = postSolution
		{A62709BA-CB6B-4F82-BD5E-23BF196FB3A0}.Debug|Any CPU.ActiveCfg = Debug|Any CPU
		{A62709BA-CB6B-4F82-BD5E-23BF196FB3A0}.Debug|Any CPU.Build.0 = Debug|Any CPU
		{A62709BA-CB6B-4F82-BD5E-23BF196FB3A0}.Release|Any CPU.ActiveCfg = Release|Any CPU
		{A62709BA-CB6B-4F82-BD5E-23BF196FB3A0}.Release|Any CPU.Build.0 = Release|Any CPU
	EndGlobalSection
	GlobalSection(SolutionProperties) = preSolution
		HideSolutionNode = FALSE
	EndGlobalSection
	GlobalSection(ExtensibilityGlobals) = postSolution
		SolutionGuid = {A1FA08CA-55B0-449E-BEA3-D01EE5006A81}
	EndGlobalSection
EndGlobal
